<?xml version="1.0" encoding="utf-8"?>
<Project ToolsVersion="4.0" xmlns="http://schemas.microsoft.com/developer/msbuild/2003">
  <ItemGroup>
    <Filter Include="Quelldateien">
      <UniqueIdentifier>{4FC737F1-C7A5-4376-A066-2A32D752A2FF}</UniqueIdentifier>
      <Extensions>cpp;c;cc;cxx;c++;cppm;ixx;def;odl;idl;hpj;bat;asm;asmx</Extensions>
    </Filter>
    <Filter Include="Headerdateien">
      <UniqueIdentifier>{93995380-89BD-4b04-88EB-625FBE52EBFB}</UniqueIdentifier>
      <Extensions>h;hh;hpp;hxx;h++;hm;inl;inc;ipp;xsd</Extensions>
    </Filter>
    <Filter Include="Ressourcendateien">
      <UniqueIdentifier>{67DA6AB6-F800-4c08-8B7A-83BB121AAD01}</UniqueIdentifier>
      <Extensions>rc;ico;cur;bmp;dlg;rc2;rct;bin;rgs;gif;jpg;jpeg;jpe;resx;tiff;tif;png;wav;mfcribbon-ms</Extensions>
    </Filter>
  </ItemGroup>
  <ItemGroup>
    <ClCompile Include="arm.cpp">
      <Filter>Quelldateien</Filter>
    </ClCompile>
    <ClCompile Include="controller.cpp">
      <Filter>Quelldateien</Filter>
    </ClCompile>
    <ClCompile Include="datenlogger.cpp">
      <Filter>Quelldateien</Filter>
    </ClCompile>
    <ClCompile Include="dreistern.cpp">
      <Filter>Quelldateien</Filter>
    </ClCompile>
    <ClCompile Include="dreistern_laengs.cpp">
      <Filter>Quelldateien</Filter>
    </ClCompile>
    <ClCompile Include="dreistern_seitlich.cpp">
      <Filter>Quelldateien</Filter>
    </ClCompile>
    <ClCompile Include="gpio_schnittstelle.cpp">
      <Filter>Quelldateien</Filter>
    </ClCompile>
    <ClCompile Include="i2c_schnittstelle.cpp">
      <Filter>Quelldateien</Filter>
    </ClCompile>
    <ClCompile Include="imu.cpp">
      <Filter>Quelldateien</Filter>
    </ClCompile>
    <ClCompile Include="kraftsensor.cpp">
      <Filter>Quelldateien</Filter>
    </ClCompile>
    <ClCompile Include="lenkung.cpp">
      <Filter>Quelldateien</Filter>
    </ClCompile>
    <ClCompile Include="main.cpp">
      <Filter>Quelldateien</Filter>
    </ClCompile>
    <ClCompile Include="matrix.cpp">
      <Filter>Quelldateien</Filter>
    </ClCompile>
    <ClCompile Include="motortreiber.cpp">
      <Filter>Quelldateien</Filter>
    </ClCompile>
    <ClCompile Include="netzwerk.cpp">
      <Filter>Quelldateien</Filter>
    </ClCompile>
    <ClCompile Include="rgb_led.cpp">
      <Filter>Quelldateien</Filter>
    </ClCompile>
    <ClCompile Include="sequenzregler.cpp">
      <Filter>Quelldateien</Filter>
    </ClCompile>
    <ClCompile Include="spi_schnittstelle.cpp">
      <Filter>Quelldateien</Filter>
    </ClCompile>
    <ClCompile Include="stellglied.cpp">
      <Filter>Quelldateien</Filter>
    </ClCompile>
    <ClCompile Include="stuhl.cpp">
      <Filter>Quelldateien</Filter>
    </ClCompile>
    <ClCompile Include="systeminfo.cpp">
      <Filter>Quelldateien</Filter>
    </ClCompile>
    <ClCompile Include="telemetrie.cpp">
      <Filter>Quelldateien</Filter>
    </ClCompile>
    <ClCompile Include="treppe.cpp">
      <Filter>Quelldateien</Filter>
    </ClCompile>
    <ClCompile Include="uart_schnittstelle.cpp">
      <Filter>Quelldateien</Filter>
    </ClCompile>
    <ClCompile Include="vektor.cpp">
      <Filter>Quelldateien</Filter>
    </ClCompile>
    <ClCompile Include="winkelsensor.cpp">
      <Filter>Quelldateien</Filter>
    </ClCompile>
    <ClCompile Include="treppensteiger.cpp">
      <Filter>Quelldateien</Filter>
    </ClCompile>
  </ItemGroup>
  <ItemGroup>
    <ClInclude Include="arm.hpp">
      <Filter>Quelldateien</Filter>
    </ClInclude>
    <ClInclude Include="controller.hpp">
      <Filter>Quelldateien</Filter>
    </ClInclude>
    <ClInclude Include="datenlogger.hpp">
      <Filter>Quelldateien</Filter>
    </ClInclude>
    <ClInclude Include="dreistern.hpp">
      <Filter>Quelldateien</Filter>
    </ClInclude>
    <ClInclude Include="dreistern_laengs.hpp">
      <Filter>Quelldateien</Filter>
    </ClInclude>
    <ClInclude Include="dreistern_seitlich.hpp">
      <Filter>Quelldateien</Filter>
    </ClInclude>
    <ClInclude Include="gpio_schnittstelle.hpp">
      <Filter>Quelldateien</Filter>
    </ClInclude>
    <ClInclude Include="i2c_schnittstelle.hpp">
      <Filter>Quelldateien</Filter>
    </ClInclude>
    <ClInclude Include="imu.hpp">
      <Filter>Quelldateien</Filter>
    </ClInclude>
    <ClInclude Include="kraftsensor.hpp">
      <Filter>Quelldateien</Filter>
    </ClInclude>
    <ClInclude Include="lenkung.hpp">
      <Filter>Quelldateien</Filter>
    </ClInclude>
    <ClInclude Include="main.hpp">
      <Filter>Quelldateien</Filter>
    </ClInclude>
    <ClInclude Include="matrix.hpp">
      <Filter>Quelldateien</Filter>
    </ClInclude>
    <ClInclude Include="motortreiber.hpp">
      <Filter>Quelldateien</Filter>
    </ClInclude>
    <ClInclude Include="netzwerk.hpp">
      <Filter>Quelldateien</Filter>
    </ClInclude>
    <ClInclude Include="rgb_led.hpp">
      <Filter>Quelldateien</Filter>
    </ClInclude>
    <ClInclude Include="sequenzregler.hpp">
      <Filter>Quelldateien</Filter>
    </ClInclude>
    <ClInclude Include="spi_schnittstelle.hpp">
      <Filter>Quelldateien</Filter>
    </ClInclude>
    <ClInclude Include="stellglied.hpp">
      <Filter>Quelldateien</Filter>
    </ClInclude>
    <ClInclude Include="stuhl.hpp">
      <Filter>Quelldateien</Filter>
    </ClInclude>
    <ClInclude Include="systeminfo.hpp">
      <Filter>Quelldateien</Filter>
    </ClInclude>
    <ClInclude Include="telemetrie.hpp">
      <Filter>Quelldateien</Filter>
    </ClInclude>
    <ClInclude Include="treppe.hpp">
      <Filter>Quelldateien</Filter>
    </ClInclude>
    <ClInclude Include="treppensteiger.hpp">
      <Filter>Quelldateien</Filter>
    </ClInclude>
    <ClInclude Include="uart_schnittstelle.hpp">
      <Filter>Quelldateien</Filter>
    </ClInclude>
    <ClInclude Include="vektor.hpp">
      <Filter>Quelldateien</Filter>
    </ClInclude>
    <ClInclude Include="winkelsensor.hpp">
      <Filter>Quelldateien</Filter>
    </ClInclude>
  </ItemGroup>
</Project>